
Microsoft Visual Studio Solution File, Format Version 12.00
# Visual Studio Version 16
VisualStudioVersion = 16.0.30717.126
MinimumVisualStudioVersion = 10.0.40219.1
Project("{9A19103F-16F7-4668-BE54-9A1E7A4F7556}") = "STalk.Api", "STalk.Api\STalk.Api.csproj", "{AB1A023C-DBC3-41C9-BF9A-627DC1055720}"
EndProject
Project("{9A19103F-16F7-4668-BE54-9A1E7A4F7556}") = "STalk.Web", "STalk.Web\STalk.Web.csproj", "{1B27DA65-519F-4107-B89E-705D6F1090A3}"
EndProject
Project("{9A19103F-16F7-4668-BE54-9A1E7A4F7556}") = "Domain", "STalk.Domain\Domain.csproj", "{4150485F-05C6-42F7-90BB-82C2E000EBBA}"
EndProject
Project("{2150E333-8FDC-42A3-9474-1A3956D46DE8}") = "Presentation", "Presentation", "{238A01D6-0A39-4FBC-8994-E7E1B7DB08CD}"
EndProject
Project("{2150E333-8FDC-42A3-9474-1A3956D46DE8}") = "AppDomain", "AppDomain", "{AC49F129-8E65-42A6-A32A-0804F4E137BA}"
EndProject
Project("{2150E333-8FDC-42A3-9474-1A3956D46DE8}") = "Application", "Application", "{D46A867D-62D5-4906-AB07-6C291BFEA0BE}"
EndProject
Project("{9A19103F-16F7-4668-BE54-9A1E7A4F7556}") = "Application", "STalk.Application\Application.csproj", "{BE205A82-B8A5-4DE8-9B08-BEA8410CADBB}"
EndProject
Project("{2150E333-8FDC-42A3-9474-1A3956D46DE8}") = "AppData", "AppData", "{D9C647DA-CC18-460D-8686-B9BCFFA4EBBC}"
EndProject
Project("{2150E333-8FDC-42A3-9474-1A3956D46DE8}") = "AppServices", "AppServices", "{DE6516DC-4A11-4900-B3CF-4B263E165DEF}"
EndProject
Project("{9A19103F-16F7-4668-BE54-9A1E7A4F7556}") = "IServices", "STalk.IServices\IServices.csproj", "{02F65CF2-819F-4CF5-9392-5545677F5790}"
EndProject
Project("{9A19103F-16F7-4668-BE54-9A1E7A4F7556}") = "Services", "STalk.Services\Services.csproj", "{E1CBE079-CD8B-4294-8211-92E42A8C5035}"
EndProject
Project("{9A19103F-16F7-4668-BE54-9A1E7A4F7556}") = "IRepositories", "STalk.IRepositories\IRepositories.csproj", "{8465A554-E6A5-48BF-B033-C6D73FD8DC5A}"
EndProject
Project("{9A19103F-16F7-4668-BE54-9A1E7A4F7556}") = "Repositories", "STalk.Repositories\Repositories.csproj", "{6CC630B0-842C-43FB-AF5F-ABEACF34DA86}"
EndProject
Project("{2150E333-8FDC-42A3-9474-1A3956D46DE8}") = "Repositories", "Repositories", "{429E3C61-F339-42A3-A2BF-98E2477CF064}"
EndProject
Project("{2150E333-8FDC-42A3-9474-1A3956D46DE8}") = "EntityFramework", "EntityFramework", "{157A686E-0572-4434-B934-16F748073C27}"
EndProject
Project("{9A19103F-16F7-4668-BE54-9A1E7A4F7556}") = "EntityFramework", "STalk.EntityFramework\EntityFramework.csproj", "{E6B515AF-D985-40B0-85E1-352D71E0AA7C}"
	ProjectSection(ProjectDependencies) = postProject
		{4150485F-05C6-42F7-90BB-82C2E000EBBA} = {4150485F-05C6-42F7-90BB-82C2E000EBBA}
	EndProjectSection
EndProject
Global
	GlobalSection(SolutionConfigurationPlatforms) = preSolution
		Debug|Any CPU = Debug|Any CPU
		Release|Any CPU = Release|Any CPU
	EndGlobalSection
	GlobalSection(ProjectConfigurationPlatforms) = postSolution
		{AB1A023C-DBC3-41C9-BF9A-627DC1055720}.Debug|Any CPU.ActiveCfg = Debug|Any CPU
		{AB1A023C-DBC3-41C9-BF9A-627DC1055720}.Debug|Any CPU.Build.0 = Debug|Any CPU
		{AB1A023C-DBC3-41C9-BF9A-627DC1055720}.Release|Any CPU.ActiveCfg = Release|Any CPU
		{AB1A023C-DBC3-41C9-BF9A-627DC1055720}.Release|Any CPU.Build.0 = Release|Any CPU
		{1B27DA65-519F-4107-B89E-705D6F1090A3}.Debug|Any CPU.ActiveCfg = Debug|Any CPU
		{1B27DA65-519F-4107-B89E-705D6F1090A3}.Release|Any CPU.ActiveCfg = Release|Any CPU
		{4150485F-05C6-42F7-90BB-82C2E000EBBA}.Debug|Any CPU.ActiveCfg = Debug|Any CPU
		{4150485F-05C6-42F7-90BB-82C2E000EBBA}.Debug|Any CPU.Build.0 = Debug|Any CPU
		{4150485F-05C6-42F7-90BB-82C2E000EBBA}.Release|Any CPU.ActiveCfg = Release|Any CPU
		{4150485F-05C6-42F7-90BB-82C2E000EBBA}.Release|Any CPU.Build.0 = Release|Any CPU
		{BE205A82-B8A5-4DE8-9B08-BEA8410CADBB}.Debug|Any CPU.ActiveCfg = Debug|Any CPU
		{BE205A82-B8A5-4DE8-9B08-BEA8410CADBB}.Debug|Any CPU.Build.0 = Debug|Any CPU
		{BE205A82-B8A5-4DE8-9B08-BEA8410CADBB}.Release|Any CPU.ActiveCfg = Release|Any CPU
		{BE205A82-B8A5-4DE8-9B08-BEA8410CADBB}.Release|Any CPU.Build.0 = Release|Any CPU
		{02F65CF2-819F-4CF5-9392-5545677F5790}.Debug|Any CPU.ActiveCfg = Debug|Any CPU
		{02F65CF2-819F-4CF5-9392-5545677F5790}.Debug|Any CPU.Build.0 = Debug|Any CPU
		{02F65CF2-819F-4CF5-9392-5545677F5790}.Release|Any CPU.ActiveCfg = Release|Any CPU
		{02F65CF2-819F-4CF5-9392-5545677F5790}.Release|Any CPU.Build.0 = Release|Any CPU
		{E1CBE079-CD8B-4294-8211-92E42A8C5035}.Debug|Any CPU.ActiveCfg = Debug|Any CPU
		{E1CBE079-CD8B-4294-8211-92E42A8C5035}.Debug|Any CPU.Build.0 = Debug|Any CPU
		{E1CBE079-CD8B-4294-8211-92E42A8C5035}.Release|Any CPU.ActiveCfg = Release|Any CPU
		{E1CBE079-CD8B-4294-8211-92E42A8C5035}.Release|Any CPU.Build.0 = Release|Any CPU
		{8465A554-E6A5-48BF-B033-C6D73FD8DC5A}.Debug|Any CPU.ActiveCfg = Debug|Any CPU
		{8465A554-E6A5-48BF-B033-C6D73FD8DC5A}.Debug|Any CPU.Build.0 = Debug|Any CPU
		{8465A554-E6A5-48BF-B033-C6D73FD8DC5A}.Release|Any CPU.ActiveCfg = Release|Any CPU
		{8465A554-E6A5-48BF-B033-C6D73FD8DC5A}.Release|Any CPU.Build.0 = Release|Any CPU
		{6CC630B0-842C-43FB-AF5F-ABEACF34DA86}.Debug|Any CPU.ActiveCfg = Debug|Any CPU
		{6CC630B0-842C-43FB-AF5F-ABEACF34DA86}.Debug|Any CPU.Build.0 = Debug|Any CPU
		{6CC630B0-842C-43FB-AF5F-ABEACF34DA86}.Release|Any CPU.ActiveCfg = Release|Any CPU
		{6CC630B0-842C-43FB-AF5F-ABEACF34DA86}.Release|Any CPU.Build.0 = Release|Any CPU
		{E6B515AF-D985-40B0-85E1-352D71E0AA7C}.Debug|Any CPU.ActiveCfg = Debug|Any CPU
		{E6B515AF-D985-40B0-85E1-352D71E0AA7C}.Debug|Any CPU.Build.0 = Debug|Any CPU
		{E6B515AF-D985-40B0-85E1-352D71E0AA7C}.Release|Any CPU.ActiveCfg = Release|Any CPU
		{E6B515AF-D985-40B0-85E1-352D71E0AA7C}.Release|Any CPU.Build.0 = Release|Any CPU
	EndGlobalSection
	GlobalSection(SolutionProperties) = preSolution
		HideSolutionNode = FALSE
	EndGlobalSection
	GlobalSection(NestedProjects) = preSolution
		{AB1A023C-DBC3-41C9-BF9A-627DC1055720} = {238A01D6-0A39-4FBC-8994-E7E1B7DB08CD}
		{1B27DA65-519F-4107-B89E-705D6F1090A3} = {238A01D6-0A39-4FBC-8994-E7E1B7DB08CD}
		{4150485F-05C6-42F7-90BB-82C2E000EBBA} = {AC49F129-8E65-42A6-A32A-0804F4E137BA}
		{BE205A82-B8A5-4DE8-9B08-BEA8410CADBB} = {D46A867D-62D5-4906-AB07-6C291BFEA0BE}
		{02F65CF2-819F-4CF5-9392-5545677F5790} = {DE6516DC-4A11-4900-B3CF-4B263E165DEF}
		{E1CBE079-CD8B-4294-8211-92E42A8C5035} = {DE6516DC-4A11-4900-B3CF-4B263E165DEF}
		{8465A554-E6A5-48BF-B033-C6D73FD8DC5A} = {429E3C61-F339-42A3-A2BF-98E2477CF064}
		{6CC630B0-842C-43FB-AF5F-ABEACF34DA86} = {429E3C61-F339-42A3-A2BF-98E2477CF064}
		{429E3C61-F339-42A3-A2BF-98E2477CF064} = {D9C647DA-CC18-460D-8686-B9BCFFA4EBBC}
		{157A686E-0572-4434-B934-16F748073C27} = {D9C647DA-CC18-460D-8686-B9BCFFA4EBBC}
		{E6B515AF-D985-40B0-85E1-352D71E0AA7C} = {157A686E-0572-4434-B934-16F748073C27}
	EndGlobalSection
	GlobalSection(ExtensibilityGlobals) = postSolution
		SolutionGuid = {C83A547F-7CB2-4270-B861-14D374710F51}
	EndGlobalSection
EndGlobal
